{
  "requires": true,
  "lockfileVersion": 1,
  "dependencies": {
    "amdefine": {
      "version": "1.0.1",
      "resolved": "https://registry.npmjs.org/amdefine/-/amdefine-1.0.1.tgz",
      "integrity": "sha1-SlKCrBZHKek2Gbz9OtFR+BfOkfU="
    },
    "async": {
      "version": "0.2.10",
      "resolved": "https://registry.npmjs.org/async/-/async-0.2.10.tgz",
      "integrity": "sha1-trvgsGdLnXGXCMo43owjfLUmw9E="
    },
    "duplex-pipe": {
      "version": "0.0.2",
      "resolved": "https://registry.npmjs.org/duplex-pipe/-/duplex-pipe-0.0.2.tgz",
      "integrity": "sha1-cmpJy6ivcZ9Lo6AU8YjZof4MfCU="
    },
    "handlebars": {
      "version": "1.0.12",
      "resolved": "https://registry.npmjs.org/handlebars/-/handlebars-1.0.12.tgz",
      "integrity": "sha1-GMbTRAw16RsZs/9YK5FRq0mF1Pw=",
      "requires": {
        "optimist": "0.3.7",
        "uglify-js": "2.3.6"
      }
    },
    "http-duplex": {
      "version": "0.0.2",
      "resolved": "https://registry.npmjs.org/http-duplex/-/http-duplex-0.0.2.tgz",
      "integrity": "sha1-/gJg8WFy3gJJHq4Qnzr0pKcEYMA=",
      "requires": {
        "duplex-pipe": "0.0.2",
        "inherits": "1.0.2"
      }
    },
    "inherits": {
      "version": "1.0.2",
      "resolved": "https://registry.npmjs.org/inherits/-/inherits-1.0.2.tgz",
      "integrity": "sha1-ykMJ2t7mtUzAuNJH6NfHoJdb3Js="
    },
    "mkdirp": {
      "version": "0.3.5",
      "resolved": "https://registry.npmjs.org/mkdirp/-/mkdirp-0.3.5.tgz",
      "integrity": "sha1-3j5fiWHIjHh+4TaN+EmsRBPsqNc="
    },
    "mu": {
      "version": "0.5.2",
      "resolved": "https://registry.npmjs.org/mu/-/mu-0.5.2.tgz",
      "integrity": "sha1-8S3u9ed8bPV1YoLaiT40ZwnOU1U="
    },
    "optimist": {
      "version": "0.3.7",
      "resolved": "https://registry.npmjs.org/optimist/-/optimist-0.3.7.tgz",
      "integrity": "sha1-yQlBrVnkJzMokjB00s8ufLxuwNk=",
      "requires": {
        "wordwrap": "0.0.3"
      }
    },
    "os-tmpdir": {
      "version": "1.0.2",
      "resolved": "https://registry.npmjs.org/os-tmpdir/-/os-tmpdir-1.0.2.tgz",
      "integrity": "sha1-u+Z0BseaqFxc/sdm/lc0VV36EnQ="
    },
    "pushover": {
      "version": "1.0.3",
      "resolved": "https://registry.npmjs.org/pushover/-/pushover-1.0.3.tgz",
      "integrity": "sha1-Q6framvm6ZIKqDh6pZFUDXVh8Bk=",
      "requires": {
        "http-duplex": "0.0.2",
        "inherits": "1.0.2",
        "mkdirp": "0.3.5"
      }
    },
    "quickgit": {
      "version": "0.0.1",
      "resolved": "https://registry.npmjs.org/quickgit/-/quickgit-0.0.1.tgz",
      "integrity": "sha1-erIFqPumOou1KPnsg7RwzMhKsjk=",
      "requires": {
        "handlebars": "1.0.12",
        "mkdirp": "0.3.5",
        "mu": "0.5.2",
        "pushover": "1.0.3",
        "tmp": "0.0.33",
        "wrench": "1.3.9"
      }
    },
    "source-map": {
      "version": "0.1.43",
      "resolved": "https://registry.npmjs.org/source-map/-/source-map-0.1.43.tgz",
      "integrity": "sha1-wkvBRspRfBRx9drL4lcbK3+eM0Y=",
      "requires": {
        "amdefine": "1.0.1"
      }
    },
    "tmp": {
      "version": "0.0.33",
      "resolved": "https://registry.npmjs.org/tmp/-/tmp-0.0.33.tgz",
      "integrity": "sha512-jRCJlojKnZ3addtTOjdIqoRuPEKBvNXcGYqzO6zWZX8KfKEpnGY5jfggJQ3EjKuu8D4bJRr0y+cYJFmYbImXGw==",
      "requires": {
        "os-tmpdir": "1.0.2"
      }
    },
    "uglify-js": {
      "version": "2.3.6",
      "resolved": "https://registry.npmjs.org/uglify-js/-/uglify-js-2.3.6.tgz",
      "integrity": "sha1-+gmEdwtCi3qbKoBY9GNV0U/vIRo=",
      "requires": {
        "async": "0.2.10",
        "optimist": "0.3.7",
        "source-map": "0.1.43"
      }
    },
    "wordwrap": {
      "version": "0.0.3",
      "resolved": "https://registry.npmjs.org/wordwrap/-/wordwrap-0.0.3.tgz",
      "integrity": "sha1-o9XabNXAvAAI03I0u68b7WMFkQc="
    },
    "wrench": {
      "version": "1.3.9",
      "resolved": "https://registry.npmjs.org/wrench/-/wrench-1.3.9.tgz",
      "integrity": "sha1-bxPsNRRTF+spLKX2UxORskQRFBE="
    }
  }
}
